{
	"name": "api",
	"version": "1.0.0",
	"lockfileVersion": 2,
	"requires": true,
	"packages": {
		"": {
			"name": "api",
			"version": "1.0.0",
			"license": "ISC",
			"dependencies": {
				"itty-router": "^2.4.5"
			}
		},
		"node_modules/itty-router": {
			"version": "2.4.5",
			"resolved": "https://registry.npmjs.org/itty-router/-/itty-router-2.4.5.tgz",
			"integrity": "sha512-e3egIkIDTa3dykB3a/ln0Jx4iik1v7qYhe7dWW3bqrEDXR7nHibuuZtBev8bCBfm8D2p3y/+Yq6PHP6u9sZOeA=="
		}
	},
	"dependencies": {
		"itty-router": {
			"version": "2.4.5",
			"resolved": "https://registry.npmjs.org/itty-router/-/itty-router-2.4.5.tgz",
			"integrity": "sha512-e3egIkIDTa3dykB3a/ln0Jx4iik1v7qYhe7dWW3bqrEDXR7nHibuuZtBev8bCBfm8D2p3y/+Yq6PHP6u9sZOeA=="
		}
	}
}
