{
	"name": "api",
	"version": "1.0.0",
	"lockfileVersion": 2,
	"requires": true,
	"packages": {
		"": {
			"name": "api",
			"version": "1.0.0",
			"license": "ISC",
			"dependencies": {
				"itty-router": "^2.4.5"
			}
		},
		"node_modules/itty-router": {
			"version": "2.6.1",
			"resolved": "https://registry.npmjs.org/itty-router/-/itty-router-2.6.1.tgz",
			"integrity": "sha512-l9gxWe5TOLUESYnBn85Jxd6tIZLWdRX5YKkHIBfSgbNQ7UFPNUGuWihRV+LlEbfJJIzgLmhwAbaWRi5yWJm8kg=="
		}
	},
	"dependencies": {
		"itty-router": {
			"version": "2.6.1",
			"resolved": "https://registry.npmjs.org/itty-router/-/itty-router-2.6.1.tgz",
			"integrity": "sha512-l9gxWe5TOLUESYnBn85Jxd6tIZLWdRX5YKkHIBfSgbNQ7UFPNUGuWihRV+LlEbfJJIzgLmhwAbaWRi5yWJm8kg=="
		}
	}
}
